
Microsoft Visual Studio Solution File, Format Version 12.00
# Visual Studio Version 17
VisualStudioVersion = 17.4.33205.214
MinimumVisualStudioVersion = 10.0.40219.1
Project("{9A19103F-16F7-4668-BE54-9A1E7A4F7556}") = "Site", "src\Site\Site\Site.csproj", "{478039A1-B85B-4EF9-943E-D2EEEB522919}"
EndProject
Project("{9A19103F-16F7-4668-BE54-9A1E7A4F7556}") = "Site.Client", "src\Site\Site.Client\Site.Client.csproj", "{905FA50A-C616-4339-BFE1-D68CA9C262A8}"
EndProject
Global
	GlobalSection(SolutionConfigurationPlatforms) = preSolution
		Debug|Any CPU = Debug|Any CPU
		Release|Any CPU = Release|Any CPU
	EndGlobalSection
	GlobalSection(ProjectConfigurationPlatforms) = postSolution
		{478039A1-B85B-4EF9-943E-D2EEEB522919}.Debug|Any CPU.ActiveCfg = Debug|Any CPU
		{478039A1-B85B-4EF9-943E-D2EEEB522919}.Debug|Any CPU.Build.0 = Debug|Any CPU
		{478039A1-B85B-4EF9-943E-D2EEEB522919}.Release|Any CPU.ActiveCfg = Release|Any CPU
		{478039A1-B85B-4EF9-943E-D2EEEB522919}.Release|Any CPU.Build.0 = Release|Any CPU
		{905FA50A-C616-4339-BFE1-D68CA9C262A8}.Debug|Any CPU.ActiveCfg = Debug|Any CPU
		{905FA50A-C616-4339-BFE1-D68CA9C262A8}.Debug|Any CPU.Build.0 = Debug|Any CPU
		{905FA50A-C616-4339-BFE1-D68CA9C262A8}.Release|Any CPU.ActiveCfg = Release|Any CPU
		{905FA50A-C616-4339-BFE1-D68CA9C262A8}.Release|Any CPU.Build.0 = Release|Any CPU
	EndGlobalSection
	GlobalSection(SolutionProperties) = preSolution
		HideSolutionNode = FALSE
	EndGlobalSection
	GlobalSection(ExtensibilityGlobals) = postSolution
		SolutionGuid = {B5CA8996-ED9B-4485-8DD6-A6A96B9E7F79}
	EndGlobalSection
EndGlobal
